// !$*UTF8*$!
{
	archiveVersion = 1;
	classes = {
	};
	objectVersion = 56;
	objects = {

/* Begin PBXBuildFile section */
		734340482B2F27BC00AE27D1 /* AthenaApp.swift in Sources */ = {isa = PBXBuildFile; fileRef = 734340472B2F27BC00AE27D1 /* AthenaApp.swift */; };
		7343404A2B2F27BC00AE27D1 /* HomeView.swift in Sources */ = {isa = PBXBuildFile; fileRef = 734340492B2F27BC00AE27D1 /* HomeView.swift */; };
		7343404C2B2F27BF00AE27D1 /* Assets.xcassets in Resources */ = {isa = PBXBuildFile; fileRef = 7343404B2B2F27BF00AE27D1 /* Assets.xcassets */; };
		7343404F2B2F27BF00AE27D1 /* Preview Assets.xcassets in Resources */ = {isa = PBXBuildFile; fileRef = 7343404E2B2F27BF00AE27D1 /* Preview Assets.xcassets */; };
		734340562B2F36E000AE27D1 /* Color.swift in Sources */ = {isa = PBXBuildFile; fileRef = 734340552B2F36E000AE27D1 /* Color.swift */; };
		734340592B2F41F200AE27D1 /* BookView.swift in Sources */ = {isa = PBXBuildFile; fileRef = 734340582B2F41F200AE27D1 /* BookView.swift */; };
		7343405F2B2F455300AE27D1 /* BookModel.swift in Sources */ = {isa = PBXBuildFile; fileRef = 7343405E2B2F455300AE27D1 /* BookModel.swift */; };
		734340612B2F47F400AE27D1 /* RowView.swift in Sources */ = {isa = PBXBuildFile; fileRef = 734340602B2F47F400AE27D1 /* RowView.swift */; };
		734340692B2F576A00AE27D1 /* MockBooks.swift in Sources */ = {isa = PBXBuildFile; fileRef = 734340682B2F576A00AE27D1 /* MockBooks.swift */; };
		7343406B2B2F58B900AE27D1 /* BookCollectionView.swift in Sources */ = {isa = PBXBuildFile; fileRef = 7343406A2B2F58B900AE27D1 /* BookCollectionView.swift */; };
		7343406E2B2F79A600AE27D1 /* BooksViewModel.swift in Sources */ = {isa = PBXBuildFile; fileRef = 7343406D2B2F79A600AE27D1 /* BooksViewModel.swift */; };
		734340702B2F898B00AE27D1 /* PreviewProvider.swift in Sources */ = {isa = PBXBuildFile; fileRef = 7343406F2B2F898B00AE27D1 /* PreviewProvider.swift */; };
		734340732B2F947200AE27D1 /* BookDataService.swift in Sources */ = {isa = PBXBuildFile; fileRef = 734340722B2F947200AE27D1 /* BookDataService.swift */; };
		73FEDAB32B3437EC00376837 /* BookCreatorView.swift in Sources */ = {isa = PBXBuildFile; fileRef = 73FEDAB22B3437EC00376837 /* BookCreatorView.swift */; };
/* End PBXBuildFile section */

/* Begin PBXFileReference section */
		734340442B2F27BC00AE27D1 /* Athena.app */ = {isa = PBXFileReference; explicitFileType = wrapper.application; includeInIndex = 0; path = Athena.app; sourceTree = BUILT_PRODUCTS_DIR; };
		734340472B2F27BC00AE27D1 /* AthenaApp.swift */ = {isa = PBXFileReference; lastKnownFileType = sourcecode.swift; path = AthenaApp.swift; sourceTree = "<group>"; };
		734340492B2F27BC00AE27D1 /* HomeView.swift */ = {isa = PBXFileReference; lastKnownFileType = sourcecode.swift; path = HomeView.swift; sourceTree = "<group>"; };
		7343404B2B2F27BF00AE27D1 /* Assets.xcassets */ = {isa = PBXFileReference; lastKnownFileType = folder.assetcatalog; path = Assets.xcassets; sourceTree = "<group>"; };
		7343404E2B2F27BF00AE27D1 /* Preview Assets.xcassets */ = {isa = PBXFileReference; lastKnownFileType = folder.assetcatalog; path = "Preview Assets.xcassets"; sourceTree = "<group>"; };
		734340552B2F36E000AE27D1 /* Color.swift */ = {isa = PBXFileReference; lastKnownFileType = sourcecode.swift; path = Color.swift; sourceTree = "<group>"; };
		734340582B2F41F200AE27D1 /* BookView.swift */ = {isa = PBXFileReference; lastKnownFileType = sourcecode.swift; path = BookView.swift; sourceTree = "<group>"; };
		7343405E2B2F455300AE27D1 /* BookModel.swift */ = {isa = PBXFileReference; lastKnownFileType = sourcecode.swift; path = BookModel.swift; sourceTree = "<group>"; };
		734340602B2F47F400AE27D1 /* RowView.swift */ = {isa = PBXFileReference; lastKnownFileType = sourcecode.swift; path = RowView.swift; sourceTree = "<group>"; };
		734340682B2F576A00AE27D1 /* MockBooks.swift */ = {isa = PBXFileReference; lastKnownFileType = sourcecode.swift; path = MockBooks.swift; sourceTree = "<group>"; };
		7343406A2B2F58B900AE27D1 /* BookCollectionView.swift */ = {isa = PBXFileReference; lastKnownFileType = sourcecode.swift; path = BookCollectionView.swift; sourceTree = "<group>"; };
		7343406D2B2F79A600AE27D1 /* BooksViewModel.swift */ = {isa = PBXFileReference; lastKnownFileType = sourcecode.swift; path = BooksViewModel.swift; sourceTree = "<group>"; };
		7343406F2B2F898B00AE27D1 /* PreviewProvider.swift */ = {isa = PBXFileReference; lastKnownFileType = sourcecode.swift; path = PreviewProvider.swift; sourceTree = "<group>"; };
		734340722B2F947200AE27D1 /* BookDataService.swift */ = {isa = PBXFileReference; lastKnownFileType = sourcecode.swift; path = BookDataService.swift; sourceTree = "<group>"; };
		734340742B2FA4BE00AE27D1 /* Info.plist */ = {isa = PBXFileReference; lastKnownFileType = text.plist; path = Info.plist; sourceTree = "<group>"; };
		73FEDAB22B3437EC00376837 /* BookCreatorView.swift */ = {isa = PBXFileReference; lastKnownFileType = sourcecode.swift; path = BookCreatorView.swift; sourceTree = "<group>"; };
/* End PBXFileReference section */

/* Begin PBXFrameworksBuildPhase section */
		734340412B2F27BC00AE27D1 /* Frameworks */ = {
			isa = PBXFrameworksBuildPhase;
			buildActionMask = 2147483647;
			files = (
			);
			runOnlyForDeploymentPostprocessing = 0;
		};
/* End PBXFrameworksBuildPhase section */

/* Begin PBXGroup section */
		7343403B2B2F27BC00AE27D1 = {
			isa = PBXGroup;
			children = (
				734340462B2F27BC00AE27D1 /* Athena */,
				734340452B2F27BC00AE27D1 /* Products */,
			);
			sourceTree = "<group>";
		};
		734340452B2F27BC00AE27D1 /* Products */ = {
			isa = PBXGroup;
			children = (
				734340442B2F27BC00AE27D1 /* Athena.app */,
			);
			name = Products;
			sourceTree = "<group>";
		};
		734340462B2F27BC00AE27D1 /* Athena */ = {
			isa = PBXGroup;
			children = (
				734340742B2FA4BE00AE27D1 /* Info.plist */,
				734340472B2F27BC00AE27D1 /* AthenaApp.swift */,
				734340642B2F4E4500AE27D1 /* ConfigurationDependent */,
				734340712B2F944A00AE27D1 /* Services */,
				7343405A2B2F421F00AE27D1 /* Core */,
				734340572B2F396B00AE27D1 /* UI */,
				7343404B2B2F27BF00AE27D1 /* Assets.xcassets */,
				7343404D2B2F27BF00AE27D1 /* Preview Content */,
			);
			path = Athena;
			sourceTree = "<group>";
		};
		7343404D2B2F27BF00AE27D1 /* Preview Content */ = {
			isa = PBXGroup;
			children = (
				7343404E2B2F27BF00AE27D1 /* Preview Assets.xcassets */,
			);
			path = "Preview Content";
			sourceTree = "<group>";
		};
		734340572B2F396B00AE27D1 /* UI */ = {
			isa = PBXGroup;
			children = (
				734340552B2F36E000AE27D1 /* Color.swift */,
			);
			path = UI;
			sourceTree = "<group>";
		};
		7343405A2B2F421F00AE27D1 /* Core */ = {
			isa = PBXGroup;
			children = (
				73FEDAB12B3436CC00376837 /* Extensions */,
				7343406C2B2F798D00AE27D1 /* Model */,
				7343405D2B2F425800AE27D1 /* ViewsModel */,
				7343405C2B2F424100AE27D1 /* Views */,
			);
			path = Core;
			sourceTree = "<group>";
		};
		7343405C2B2F424100AE27D1 /* Views */ = {
			isa = PBXGroup;
			children = (
				734340492B2F27BC00AE27D1 /* HomeView.swift */,
				734340582B2F41F200AE27D1 /* BookView.swift */,
				734340602B2F47F400AE27D1 /* RowView.swift */,
				7343406A2B2F58B900AE27D1 /* BookCollectionView.swift */,
				73FEDAB22B3437EC00376837 /* BookCreatorView.swift */,
			);
			path = Views;
			sourceTree = "<group>";
		};
		7343405D2B2F425800AE27D1 /* ViewsModel */ = {
			isa = PBXGroup;
			children = (
				7343406D2B2F79A600AE27D1 /* BooksViewModel.swift */,
			);
			path = ViewsModel;
			sourceTree = "<group>";
		};
		734340642B2F4E4500AE27D1 /* ConfigurationDependent */ = {
			isa = PBXGroup;
			children = (
				734340672B2F4E7800AE27D1 /* Release */,
				734340662B2F4E6D00AE27D1 /* Debug */,
				734340652B2F4E5500AE27D1 /* Mock */,
			);
			path = ConfigurationDependent;
			sourceTree = "<group>";
		};
		734340652B2F4E5500AE27D1 /* Mock */ = {
			isa = PBXGroup;
			children = (
				734340682B2F576A00AE27D1 /* MockBooks.swift */,
			);
			path = Mock;
			sourceTree = "<group>";
		};
		734340662B2F4E6D00AE27D1 /* Debug */ = {
			isa = PBXGroup;
			children = (
			);
			path = Debug;
			sourceTree = "<group>";
		};
		734340672B2F4E7800AE27D1 /* Release */ = {
			isa = PBXGroup;
			children = (
			);
			path = Release;
			sourceTree = "<group>";
		};
		7343406C2B2F798D00AE27D1 /* Model */ = {
			isa = PBXGroup;
			children = (
				7343405E2B2F455300AE27D1 /* BookModel.swift */,
			);
			path = Model;
			sourceTree = "<group>";
		};
		734340712B2F944A00AE27D1 /* Services */ = {
			isa = PBXGroup;
			children = (
				734340722B2F947200AE27D1 /* BookDataService.swift */,
			);
			path = Services;
			sourceTree = "<group>";
		};
		73FEDAB12B3436CC00376837 /* Extensions */ = {
			isa = PBXGroup;
			children = (
				7343406F2B2F898B00AE27D1 /* PreviewProvider.swift */,
			);
			path = Extensions;
			sourceTree = "<group>";
		};
/* End PBXGroup section */

/* Begin PBXNativeTarget section */
		734340432B2F27BC00AE27D1 /* Athena */ = {
			isa = PBXNativeTarget;
			buildConfigurationList = 734340522B2F27BF00AE27D1 /* Build configuration list for PBXNativeTarget "Athena" */;
			buildPhases = (
				734340402B2F27BC00AE27D1 /* Sources */,
				734340412B2F27BC00AE27D1 /* Frameworks */,
				734340422B2F27BC00AE27D1 /* Resources */,
			);
			buildRules = (
			);
			dependencies = (
			);
			name = Athena;
			productName = Athena;
			productReference = 734340442B2F27BC00AE27D1 /* Athena.app */;
			productType = "com.apple.product-type.application";
		};
/* End PBXNativeTarget section */

/* Begin PBXProject section */
		7343403C2B2F27BC00AE27D1 /* Project object */ = {
			isa = PBXProject;
			attributes = {
				BuildIndependentTargetsInParallel = 1;
				LastSwiftUpdateCheck = 1420;
				LastUpgradeCheck = 1420;
				TargetAttributes = {
					734340432B2F27BC00AE27D1 = {
						CreatedOnToolsVersion = 14.2;
					};
				};
			};
			buildConfigurationList = 7343403F2B2F27BC00AE27D1 /* Build configuration list for PBXProject "Athena" */;
			compatibilityVersion = "Xcode 14.0";
			developmentRegion = en;
			hasScannedForEncodings = 0;
			knownRegions = (
				en,
				Base,
			);
			mainGroup = 7343403B2B2F27BC00AE27D1;
			productRefGroup = 734340452B2F27BC00AE27D1 /* Products */;
			projectDirPath = "";
			projectRoot = "";
			targets = (
				734340432B2F27BC00AE27D1 /* Athena */,
			);
		};
/* End PBXProject section */

/* Begin PBXResourcesBuildPhase section */
		734340422B2F27BC00AE27D1 /* Resources */ = {
			isa = PBXResourcesBuildPhase;
			buildActionMask = 2147483647;
			files = (
				7343404F2B2F27BF00AE27D1 /* Preview Assets.xcassets in Resources */,
				7343404C2B2F27BF00AE27D1 /* Assets.xcassets in Resources */,
			);
			runOnlyForDeploymentPostprocessing = 0;
		};
/* End PBXResourcesBuildPhase section */

/* Begin PBXSourcesBuildPhase section */
		734340402B2F27BC00AE27D1 /* Sources */ = {
			isa = PBXSourcesBuildPhase;
			buildActionMask = 2147483647;
			files = (
				7343405F2B2F455300AE27D1 /* BookModel.swift in Sources */,
				734340612B2F47F400AE27D1 /* RowView.swift in Sources */,
				7343404A2B2F27BC00AE27D1 /* HomeView.swift in Sources */,
				734340482B2F27BC00AE27D1 /* AthenaApp.swift in Sources */,
				734340562B2F36E000AE27D1 /* Color.swift in Sources */,
				7343406E2B2F79A600AE27D1 /* BooksViewModel.swift in Sources */,
				734340732B2F947200AE27D1 /* BookDataService.swift in Sources */,
				7343406B2B2F58B900AE27D1 /* BookCollectionView.swift in Sources */,
				734340592B2F41F200AE27D1 /* BookView.swift in Sources */,
				734340692B2F576A00AE27D1 /* MockBooks.swift in Sources */,
				73FEDAB32B3437EC00376837 /* BookCreatorView.swift in Sources */,
				734340702B2F898B00AE27D1 /* PreviewProvider.swift in Sources */,
			);
			runOnlyForDeploymentPostprocessing = 0;
		};
/* End PBXSourcesBuildPhase section */

/* Begin XCBuildConfiguration section */
		734340502B2F27BF00AE27D1 /* Debug */ = {
			isa = XCBuildConfiguration;
			buildSettings = {
				ALWAYS_SEARCH_USER_PATHS = NO;
				CLANG_ANALYZER_NONNULL = YES;
				CLANG_ANALYZER_NUMBER_OBJECT_CONVERSION = YES_AGGRESSIVE;
				CLANG_CXX_LANGUAGE_STANDARD = "gnu++20";
				CLANG_ENABLE_MODULES = YES;
				CLANG_ENABLE_OBJC_ARC = YES;
				CLANG_ENABLE_OBJC_WEAK = YES;
				CLANG_WARN_BLOCK_CAPTURE_AUTORELEASING = YES;
				CLANG_WARN_BOOL_CONVERSION = YES;
				CLANG_WARN_COMMA = YES;
				CLANG_WARN_CONSTANT_CONVERSION = YES;
				CLANG_WARN_DEPRECATED_OBJC_IMPLEMENTATIONS = YES;
				CLANG_WARN_DIRECT_OBJC_ISA_USAGE = YES_ERROR;
				CLANG_WARN_DOCUMENTATION_COMMENTS = YES;
				CLANG_WARN_EMPTY_BODY = YES;
				CLANG_WARN_ENUM_CONVERSION = YES;
				CLANG_WARN_INFINITE_RECURSION = YES;
				CLANG_WARN_INT_CONVERSION = YES;
				CLANG_WARN_NON_LITERAL_NULL_CONVERSION = YES;
				CLANG_WARN_OBJC_IMPLICIT_RETAIN_SELF = YES;
				CLANG_WARN_OBJC_LITERAL_CONVERSION = YES;
				CLANG_WARN_OBJC_ROOT_CLASS = YES_ERROR;
				CLANG_WARN_QUOTED_INCLUDE_IN_FRAMEWORK_HEADER = YES;
				CLANG_WARN_RANGE_LOOP_ANALYSIS = YES;
				CLANG_WARN_STRICT_PROTOTYPES = YES;
				CLANG_WARN_SUSPICIOUS_MOVE = YES;
				CLANG_WARN_UNGUARDED_AVAILABILITY = YES_AGGRESSIVE;
				CLANG_WARN_UNREACHABLE_CODE = YES;
				CLANG_WARN__DUPLICATE_METHOD_MATCH = YES;
				COPY_PHASE_STRIP = NO;
				DEBUG_INFORMATION_FORMAT = dwarf;
				ENABLE_STRICT_OBJC_MSGSEND = YES;
				ENABLE_TESTABILITY = YES;
				GCC_C_LANGUAGE_STANDARD = gnu11;
				GCC_DYNAMIC_NO_PIC = NO;
				GCC_NO_COMMON_BLOCKS = YES;
				GCC_OPTIMIZATION_LEVEL = 0;
				GCC_PREPROCESSOR_DEFINITIONS = (
					"DEBUG=1",
					"$(inherited)",
				);
				GCC_WARN_64_TO_32_BIT_CONVERSION = YES;
				GCC_WARN_ABOUT_RETURN_TYPE = YES_ERROR;
				GCC_WARN_UNDECLARED_SELECTOR = YES;
				GCC_WARN_UNINITIALIZED_AUTOS = YES_AGGRESSIVE;
				GCC_WARN_UNUSED_FUNCTION = YES;
				GCC_WARN_UNUSED_VARIABLE = YES;
				IPHONEOS_DEPLOYMENT_TARGET = 16.2;
				MTL_ENABLE_DEBUG_INFO = INCLUDE_SOURCE;
				MTL_FAST_MATH = YES;
				ONLY_ACTIVE_ARCH = YES;
				SDKROOT = iphoneos;
				SWIFT_ACTIVE_COMPILATION_CONDITIONS = DEBUG;
				SWIFT_OPTIMIZATION_LEVEL = "-Onone";
			};
			name = Debug;
		};
		734340512B2F27BF00AE27D1 /* Release */ = {
			isa = XCBuildConfiguration;
			buildSettings = {
				ALWAYS_SEARCH_USER_PATHS = NO;
				CLANG_ANALYZER_NONNULL = YES;
				CLANG_ANALYZER_NUMBER_OBJECT_CONVERSION = YES_AGGRESSIVE;
				CLANG_CXX_LANGUAGE_STANDARD = "gnu++20";
				CLANG_ENABLE_MODULES = YES;
				CLANG_ENABLE_OBJC_ARC = YES;
				CLANG_ENABLE_OBJC_WEAK = YES;
				CLANG_WARN_BLOCK_CAPTURE_AUTORELEASING = YES;
				CLANG_WARN_BOOL_CONVERSION = YES;
				CLANG_WARN_COMMA = YES;
				CLANG_WARN_CONSTANT_CONVERSION = YES;
				CLANG_WARN_DEPRECATED_OBJC_IMPLEMENTATIONS = YES;
				CLANG_WARN_DIRECT_OBJC_ISA_USAGE = YES_ERROR;
				CLANG_WARN_DOCUMENTATION_COMMENTS = YES;
				CLANG_WARN_EMPTY_BODY = YES;
				CLANG_WARN_ENUM_CONVERSION = YES;
				CLANG_WARN_INFINITE_RECURSION = YES;
				CLANG_WARN_INT_CONVERSION = YES;
				CLANG_WARN_NON_LITERAL_NULL_CONVERSION = YES;
				CLANG_WARN_OBJC_IMPLICIT_RETAIN_SELF = YES;
				CLANG_WARN_OBJC_LITERAL_CONVERSION = YES;
				CLANG_WARN_OBJC_ROOT_CLASS = YES_ERROR;
				CLANG_WARN_QUOTED_INCLUDE_IN_FRAMEWORK_HEADER = YES;
				CLANG_WARN_RANGE_LOOP_ANALYSIS = YES;
				CLANG_WARN_STRICT_PROTOTYPES = YES;
				CLANG_WARN_SUSPICIOUS_MOVE = YES;
				CLANG_WARN_UNGUARDED_AVAILABILITY = YES_AGGRESSIVE;
				CLANG_WARN_UNREACHABLE_CODE = YES;
				CLANG_WARN__DUPLICATE_METHOD_MATCH = YES;
				COPY_PHASE_STRIP = NO;
				DEBUG_INFORMATION_FORMAT = "dwarf-with-dsym";
				ENABLE_NS_ASSERTIONS = NO;
				ENABLE_STRICT_OBJC_MSGSEND = YES;
				GCC_C_LANGUAGE_STANDARD = gnu11;
				GCC_NO_COMMON_BLOCKS = YES;
				GCC_WARN_64_TO_32_BIT_CONVERSION = YES;
				GCC_WARN_ABOUT_RETURN_TYPE = YES_ERROR;
				GCC_WARN_UNDECLARED_SELECTOR = YES;
				GCC_WARN_UNINITIALIZED_AUTOS = YES_AGGRESSIVE;
				GCC_WARN_UNUSED_FUNCTION = YES;
				GCC_WARN_UNUSED_VARIABLE = YES;
				IPHONEOS_DEPLOYMENT_TARGET = 16.2;
				MTL_ENABLE_DEBUG_INFO = NO;
				MTL_FAST_MATH = YES;
				SDKROOT = iphoneos;
				SWIFT_COMPILATION_MODE = wholemodule;
				SWIFT_OPTIMIZATION_LEVEL = "-O";
				VALIDATE_PRODUCT = YES;
			};
			name = Release;
		};
		734340532B2F27BF00AE27D1 /* Debug */ = {
			isa = XCBuildConfiguration;
			buildSettings = {
				ASSETCATALOG_COMPILER_APPICON_NAME = AppIcon;
				ASSETCATALOG_COMPILER_GLOBAL_ACCENT_COLOR_NAME = AccentColor;
				CODE_SIGN_STYLE = Automatic;
				CURRENT_PROJECT_VERSION = 1;
				DEVELOPMENT_ASSET_PATHS = "\"Athena/Preview Content\"";
				DEVELOPMENT_TEAM = S73LCE4E4L;
				ENABLE_PREVIEWS = YES;
				GENERATE_INFOPLIST_FILE = YES;
				INFOPLIST_FILE = Athena/Info.plist;
				INFOPLIST_KEY_CFBundleDisplayName = Atenea;
				INFOPLIST_KEY_UIApplicationSceneManifest_Generation = YES;
				INFOPLIST_KEY_UIApplicationSupportsIndirectInputEvents = YES;
				INFOPLIST_KEY_UILaunchScreen_Generation = YES;
				INFOPLIST_KEY_UISupportedInterfaceOrientations = UIInterfaceOrientationPortrait;
				INFOPLIST_KEY_UISupportedInterfaceOrientations_iPad = "UIInterfaceOrientationLandscapeLeft UIInterfaceOrientationLandscapeRight UIInterfaceOrientationPortrait UIInterfaceOrientationPortraitUpsideDown";
				INFOPLIST_KEY_UIUserInterfaceStyle = Light;
				LD_RUNPATH_SEARCH_PATHS = (
					"$(inherited)",
					"@executable_path/Frameworks",
				);
				MARKETING_VERSION = 1.0;
				PRODUCT_BUNDLE_IDENTIFIER = com.klug.Athena;
				PRODUCT_NAME = "$(TARGET_NAME)";
				SUPPORTED_PLATFORMS = "iphoneos iphonesimulator";
				SUPPORTS_MACCATALYST = NO;
				SUPPORTS_MAC_DESIGNED_FOR_IPHONE_IPAD = NO;
				SWIFT_EMIT_LOC_STRINGS = YES;
				SWIFT_VERSION = 5.0;
				TARGETED_DEVICE_FAMILY = "1,2";
			};
			name = Debug;
		};
		734340542B2F27BF00AE27D1 /* Release */ = {
			isa = XCBuildConfiguration;
			buildSettings = {
				ASSETCATALOG_COMPILER_APPICON_NAME = AppIcon;
				ASSETCATALOG_COMPILER_GLOBAL_ACCENT_COLOR_NAME = AccentColor;
				CODE_SIGN_STYLE = Automatic;
				CURRENT_PROJECT_VERSION = 1;
				DEVELOPMENT_ASSET_PATHS = "\"Athena/Preview Content\"";
				DEVELOPMENT_TEAM = S73LCE4E4L;
				ENABLE_PREVIEWS = YES;
				GENERATE_INFOPLIST_FILE = YES;
				INFOPLIST_FILE = Athena/Info.plist;
				INFOPLIST_KEY_CFBundleDisplayName = Atenea;
				INFOPLIST_KEY_UIApplicationSceneManifest_Generation = YES;
				INFOPLIST_KEY_UIApplicationSupportsIndirectInputEvents = YES;
				INFOPLIST_KEY_UILaunchScreen_Generation = YES;
				INFOPLIST_KEY_UISupportedInterfaceOrientations = UIInterfaceOrientationPortrait;
				INFOPLIST_KEY_UISupportedInterfaceOrientations_iPad = "UIInterfaceOrientationLandscapeLeft UIInterfaceOrientationLandscapeRight UIInterfaceOrientationPortrait UIInterfaceOrientationPortraitUpsideDown";
				INFOPLIST_KEY_UIUserInterfaceStyle = Light;
				LD_RUNPATH_SEARCH_PATHS = (
					"$(inherited)",
					"@executable_path/Frameworks",
				);
				MARKETING_VERSION = 1.0;
				PRODUCT_BUNDLE_IDENTIFIER = com.klug.Athena;
				PRODUCT_NAME = "$(TARGET_NAME)";
				SUPPORTED_PLATFORMS = "iphoneos iphonesimulator";
				SUPPORTS_MACCATALYST = NO;
				SUPPORTS_MAC_DESIGNED_FOR_IPHONE_IPAD = NO;
				SWIFT_EMIT_LOC_STRINGS = YES;
				SWIFT_VERSION = 5.0;
				TARGETED_DEVICE_FAMILY = "1,2";
			};
			name = Release;
		};
		734340622B2F4A4C00AE27D1 /* Mock */ = {
			isa = XCBuildConfiguration;
			buildSettings = {
				ALWAYS_SEARCH_USER_PATHS = NO;
				CLANG_ANALYZER_NONNULL = YES;
				CLANG_ANALYZER_NUMBER_OBJECT_CONVERSION = YES_AGGRESSIVE;
				CLANG_CXX_LANGUAGE_STANDARD = "gnu++20";
				CLANG_ENABLE_MODULES = YES;
				CLANG_ENABLE_OBJC_ARC = YES;
				CLANG_ENABLE_OBJC_WEAK = YES;
				CLANG_WARN_BLOCK_CAPTURE_AUTORELEASING = YES;
				CLANG_WARN_BOOL_CONVERSION = YES;
				CLANG_WARN_COMMA = YES;
				CLANG_WARN_CONSTANT_CONVERSION = YES;
				CLANG_WARN_DEPRECATED_OBJC_IMPLEMENTATIONS = YES;
				CLANG_WARN_DIRECT_OBJC_ISA_USAGE = YES_ERROR;
				CLANG_WARN_DOCUMENTATION_COMMENTS = YES;
				CLANG_WARN_EMPTY_BODY = YES;
				CLANG_WARN_ENUM_CONVERSION = YES;
				CLANG_WARN_INFINITE_RECURSION = YES;
				CLANG_WARN_INT_CONVERSION = YES;
				CLANG_WARN_NON_LITERAL_NULL_CONVERSION = YES;
				CLANG_WARN_OBJC_IMPLICIT_RETAIN_SELF = YES;
				CLANG_WARN_OBJC_LITERAL_CONVERSION = YES;
				CLANG_WARN_OBJC_ROOT_CLASS = YES_ERROR;
				CLANG_WARN_QUOTED_INCLUDE_IN_FRAMEWORK_HEADER = YES;
				CLANG_WARN_RANGE_LOOP_ANALYSIS = YES;
				CLANG_WARN_STRICT_PROTOTYPES = YES;
				CLANG_WARN_SUSPICIOUS_MOVE = YES;
				CLANG_WARN_UNGUARDED_AVAILABILITY = YES_AGGRESSIVE;
				CLANG_WARN_UNREACHABLE_CODE = YES;
				CLANG_WARN__DUPLICATE_METHOD_MATCH = YES;
				COPY_PHASE_STRIP = NO;
				DEBUG_INFORMATION_FORMAT = dwarf;
				ENABLE_STRICT_OBJC_MSGSEND = YES;
				ENABLE_TESTABILITY = YES;
				GCC_C_LANGUAGE_STANDARD = gnu11;
				GCC_DYNAMIC_NO_PIC = NO;
				GCC_NO_COMMON_BLOCKS = YES;
				GCC_OPTIMIZATION_LEVEL = 0;
				GCC_PREPROCESSOR_DEFINITIONS = (
					"DEBUG=1",
					"$(inherited)",
				);
				GCC_WARN_64_TO_32_BIT_CONVERSION = YES;
				GCC_WARN_ABOUT_RETURN_TYPE = YES_ERROR;
				GCC_WARN_UNDECLARED_SELECTOR = YES;
				GCC_WARN_UNINITIALIZED_AUTOS = YES_AGGRESSIVE;
				GCC_WARN_UNUSED_FUNCTION = YES;
				GCC_WARN_UNUSED_VARIABLE = YES;
				IPHONEOS_DEPLOYMENT_TARGET = 16.2;
				MTL_ENABLE_DEBUG_INFO = INCLUDE_SOURCE;
				MTL_FAST_MATH = YES;
				ONLY_ACTIVE_ARCH = YES;
				SDKROOT = iphoneos;
				SWIFT_ACTIVE_COMPILATION_CONDITIONS = DEBUG;
				SWIFT_OPTIMIZATION_LEVEL = "-Onone";
			};
			name = Mock;
		};
		734340632B2F4A4C00AE27D1 /* Mock */ = {
			isa = XCBuildConfiguration;
			buildSettings = {
				ASSETCATALOG_COMPILER_APPICON_NAME = AppIcon;
				ASSETCATALOG_COMPILER_GLOBAL_ACCENT_COLOR_NAME = AccentColor;
				CODE_SIGN_STYLE = Automatic;
				CURRENT_PROJECT_VERSION = 1;
				DEVELOPMENT_ASSET_PATHS = "\"Athena/Preview Content\"";
				DEVELOPMENT_TEAM = S73LCE4E4L;
				ENABLE_PREVIEWS = YES;
				GENERATE_INFOPLIST_FILE = YES;
				INFOPLIST_FILE = Athena/Info.plist;
				INFOPLIST_KEY_CFBundleDisplayName = Atenea;
				INFOPLIST_KEY_UIApplicationSceneManifest_Generation = YES;
				INFOPLIST_KEY_UIApplicationSupportsIndirectInputEvents = YES;
				INFOPLIST_KEY_UILaunchScreen_Generation = YES;
				INFOPLIST_KEY_UISupportedInterfaceOrientations = UIInterfaceOrientationPortrait;
				INFOPLIST_KEY_UISupportedInterfaceOrientations_iPad = "UIInterfaceOrientationLandscapeLeft UIInterfaceOrientationLandscapeRight UIInterfaceOrientationPortrait UIInterfaceOrientationPortraitUpsideDown";
				INFOPLIST_KEY_UIUserInterfaceStyle = Light;
				LD_RUNPATH_SEARCH_PATHS = (
					"$(inherited)",
					"@executable_path/Frameworks",
				);
				MARKETING_VERSION = 1.0;
				PRODUCT_BUNDLE_IDENTIFIER = com.klug.Athena;
				PRODUCT_NAME = "$(TARGET_NAME)";
				SUPPORTED_PLATFORMS = "iphoneos iphonesimulator";
				SUPPORTS_MACCATALYST = NO;
				SUPPORTS_MAC_DESIGNED_FOR_IPHONE_IPAD = NO;
				SWIFT_ACTIVE_COMPILATION_CONDITIONS = MOCK;
				SWIFT_EMIT_LOC_STRINGS = YES;
				SWIFT_VERSION = 5.0;
				TARGETED_DEVICE_FAMILY = "1,2";
			};
			name = Mock;
		};
/* End XCBuildConfiguration section */

/* Begin XCConfigurationList section */
		7343403F2B2F27BC00AE27D1 /* Build configuration list for PBXProject "Athena" */ = {
			isa = XCConfigurationList;
			buildConfigurations = (
				734340502B2F27BF00AE27D1 /* Debug */,
				734340622B2F4A4C00AE27D1 /* Mock */,
				734340512B2F27BF00AE27D1 /* Release */,
			);
			defaultConfigurationIsVisible = 0;
			defaultConfigurationName = Release;
		};
		734340522B2F27BF00AE27D1 /* Build configuration list for PBXNativeTarget "Athena" */ = {
			isa = XCConfigurationList;
			buildConfigurations = (
				734340532B2F27BF00AE27D1 /* Debug */,
				734340632B2F4A4C00AE27D1 /* Mock */,
				734340542B2F27BF00AE27D1 /* Release */,
			);
			defaultConfigurationIsVisible = 0;
			defaultConfigurationName = Release;
		};
/* End XCConfigurationList section */
	};
	rootObject = 7343403C2B2F27BC00AE27D1 /* Project object */;
}
